
Microsoft Visual Studio Solution File, Format Version 12.00
# Visual Studio Version 16
VisualStudioVersion = 16.0.33214.272
MinimumVisualStudioVersion = 10.0.40219.1
Project("{FAE04EC0-301F-11D3-BF4B-00C04F79EFBC}") = "Lab6", "Lab6.csproj", "{E9BBC8F0-076E-43AF-903F-640186961B0E}"
EndProject
Global
	GlobalSection(SolutionConfigurationPlatforms) = preSolution
		Debug|Any CPU = Debug|Any CPU
		Release|Any CPU = Release|Any CPU
	EndGlobalSection
	GlobalSection(ProjectConfigurationPlatforms) = postSolution
		{E9BBC8F0-076E-43AF-903F-640186961B0E}.Debug|Any CPU.ActiveCfg = Debug|Any CPU
		{E9BBC8F0-076E-43AF-903F-640186961B0E}.Debug|Any CPU.Build.0 = Debug|Any CPU
		{E9BBC8F0-076E-43AF-903F-640186961B0E}.Release|Any CPU.ActiveCfg = Release|Any CPU
		{E9BBC8F0-076E-43AF-903F-640186961B0E}.Release|Any CPU.Build.0 = Release|Any CPU
	EndGlobalSection
	GlobalSection(SolutionProperties) = preSolution
		HideSolutionNode = FALSE
	EndGlobalSection
	GlobalSection(ExtensibilityGlobals) = postSolution
		SolutionGuid = {C9665EDD-A757-41A7-8CF8-24AF0CDF8BE5}
	EndGlobalSection
EndGlobal
